{
  "name": "contracts",
  "version": "1.0.0",
  "lockfileVersion": 3,
  "requires": true,
  "packages": {
    "": {
      "name": "contracts",
      "version": "1.0.0",
      "license": "ISC",
      "dependencies": {
        "@ethsign/sign-protocol-evm": "^1.1.1",
        "@pythnetwork/entropy-sdk-solidity": "^1.5.0",
        "@pythnetwork/pyth-sdk-solidity": "^4.0.0"
      }
    },
    "node_modules/@ethsign/sign-protocol-evm": {
      "version": "1.1.1",
      "resolved": "https://registry.npmjs.org/@ethsign/sign-protocol-evm/-/sign-protocol-evm-1.1.1.tgz",
      "integrity": "sha512-ldbWofDEMY0v8l8EF/2aa0fV2mEyRXlm54it6PNwYkeKuNuosY/CWuBgK8P7tMb0K5HS1gOuplMRC6Ky3VoXPw==",
      "license": "ISC",
      "dependencies": {
        "@openzeppelin/contracts": "5.0.1",
        "@openzeppelin/contracts-upgradeable": "5.0.1"
      }
    },
    "node_modules/@openzeppelin/contracts": {
      "version": "5.0.1",
      "resolved": "https://registry.npmjs.org/@openzeppelin/contracts/-/contracts-5.0.1.tgz",
      "integrity": "sha512-yQJaT5HDp9hYOOp4jTYxMsR02gdFZFXhewX5HW9Jo4fsqSVqqyIO/xTHdWDaKX5a3pv1txmf076Lziz+sO7L1w==",
      "license": "MIT"
    },
    "node_modules/@openzeppelin/contracts-upgradeable": {
      "version": "5.0.1",
      "resolved": "https://registry.npmjs.org/@openzeppelin/contracts-upgradeable/-/contracts-upgradeable-5.0.1.tgz",
      "integrity": "sha512-MvaLoPnVcoZr/qqZP+4cl9piuR4gg0iIGgxVSZ/AL1iId3M6IdEHzz9Naw5Lirl4KKBI6ciTVnX07yL4dOMIJg==",
      "license": "MIT",
      "peerDependencies": {
        "@openzeppelin/contracts": "5.0.1"
      }
    },
    "node_modules/@pythnetwork/entropy-sdk-solidity": {
      "version": "1.5.0",
      "resolved": "https://registry.npmjs.org/@pythnetwork/entropy-sdk-solidity/-/entropy-sdk-solidity-1.5.0.tgz",
      "integrity": "sha512-ZZti5BLURe4w0HtCwy2qGJayOtAcWjjfpnUsar6fHZPG2SkC3jfj13m9WBJKLk87T1ZaSpazAdb22pm6MXG8qg==",
      "license": "Apache-2.0"
    },
    "node_modules/@pythnetwork/pyth-sdk-solidity": {
      "version": "4.0.0",
      "resolved": "https://registry.npmjs.org/@pythnetwork/pyth-sdk-solidity/-/pyth-sdk-solidity-4.0.0.tgz",
      "integrity": "sha512-Cy2MvSN1Oh5YpIYmZd2In6/gfXbGjnpazmXKioTuq07Drp4Rl2XHcvtqHdgilplCl32IG4pU+XoRafpexID08A==",
      "license": "Apache-2.0"
    }
  }
}
